
Microsoft Visual Studio Solution File, Format Version 12.00
# Visual Studio Version 17
VisualStudioVersion = 17.11.35327.3
MinimumVisualStudioVersion = 10.0.40219.1
Project("{FAE04EC0-301F-11D3-BF4B-00C04F79EFBC}") = "ObjectOrientedProgrammingDay1", "ObjectOrientedProgrammingDay1.csproj", "{3A152B76-8AC9-4502-811D-EA75FD1E666D}"
EndProject
Global
	GlobalSection(SolutionConfigurationPlatforms) = preSolution
		Debug|Any CPU = Debug|Any CPU
		Release|Any CPU = Release|Any CPU
	EndGlobalSection
	GlobalSection(ProjectConfigurationPlatforms) = postSolution
		{3A152B76-8AC9-4502-811D-EA75FD1E666D}.Debug|Any CPU.ActiveCfg = Debug|Any CPU
		{3A152B76-8AC9-4502-811D-EA75FD1E666D}.Debug|Any CPU.Build.0 = Debug|Any CPU
		{3A152B76-8AC9-4502-811D-EA75FD1E666D}.Release|Any CPU.ActiveCfg = Release|Any CPU
		{3A152B76-8AC9-4502-811D-EA75FD1E666D}.Release|Any CPU.Build.0 = Release|Any CPU
	EndGlobalSection
	GlobalSection(SolutionProperties) = preSolution
		HideSolutionNode = FALSE
	EndGlobalSection
	GlobalSection(ExtensibilityGlobals) = postSolution
		SolutionGuid = {BB9B3E19-F3E7-44CC-95DA-D963C4198D12}
	EndGlobalSection
EndGlobal
